
Microsoft Visual Studio Solution File, Format Version 12.00
# Visual Studio Version 17
VisualStudioVersion = 17.14.36121.58 d17.14
MinimumVisualStudioVersion = 10.0.40219.1
Project("{FAE04EC0-301F-11D3-BF4B-00C04F79EFBC}") = "My-Injector", "My-Injector\My-Injector.csproj", "{DC1B7C87-91D8-43A8-95E1-ECABFF383A2A}"
EndProject
Global
	GlobalSection(SolutionConfigurationPlatforms) = preSolution
		Debug|Any CPU = Debug|Any CPU
		Debug|x64 = Debug|x64
		Release|Any CPU = Release|Any CPU
		Release|x64 = Release|x64
	EndGlobalSection
	GlobalSection(ProjectConfigurationPlatforms) = postSolution
		{DC1B7C87-91D8-43A8-95E1-ECABFF383A2A}.Debug|Any CPU.ActiveCfg = Debug|Any CPU
		{DC1B7C87-91D8-43A8-95E1-ECABFF383A2A}.Debug|Any CPU.Build.0 = Debug|Any CPU
		{DC1B7C87-91D8-43A8-95E1-ECABFF383A2A}.Debug|x64.ActiveCfg = Debug|Any CPU
		{DC1B7C87-91D8-43A8-95E1-ECABFF383A2A}.Debug|x64.Build.0 = Debug|Any CPU
		{DC1B7C87-91D8-43A8-95E1-ECABFF383A2A}.Release|Any CPU.ActiveCfg = Release|Any CPU
		{DC1B7C87-91D8-43A8-95E1-ECABFF383A2A}.Release|Any CPU.Build.0 = Release|Any CPU
		{DC1B7C87-91D8-43A8-95E1-ECABFF383A2A}.Release|x64.ActiveCfg = Release|Any CPU
		{DC1B7C87-91D8-43A8-95E1-ECABFF383A2A}.Release|x64.Build.0 = Release|Any CPU
	EndGlobalSection
	GlobalSection(SolutionProperties) = preSolution
		HideSolutionNode = FALSE
	EndGlobalSection
	GlobalSection(ExtensibilityGlobals) = postSolution
		SolutionGuid = {98AC5404-5C90-43BA-9C24-6E96D5FD9028}
	EndGlobalSection
EndGlobal
